// !$*UTF8*$!
{
	archiveVersion = 1;
	classes = {
	};
	objectVersion = 46;
	objects = {

/* Begin PBXBuildFile section */
		0416063E1DAF368C00B11674 /* AppDelegate.swift in Sources */ = {isa = PBXBuildFile; fileRef = 0416063D1DAF368C00B11674 /* AppDelegate.swift */; };
		041606401DAF368C00B11674 /* ViewController.swift in Sources */ = {isa = PBXBuildFile; fileRef = 0416063F1DAF368C00B11674 /* ViewController.swift */; };
		041606431DAF368C00B11674 /* Main.storyboard in Resources */ = {isa = PBXBuildFile; fileRef = 041606411DAF368C00B11674 /* Main.storyboard */; };
		041606451DAF368C00B11674 /* Assets.xcassets in Resources */ = {isa = PBXBuildFile; fileRef = 041606441DAF368C00B11674 /* Assets.xcassets */; };
		041606481DAF368C00B11674 /* LaunchScreen.storyboard in Resources */ = {isa = PBXBuildFile; fileRef = 041606461DAF368C00B11674 /* LaunchScreen.storyboard */; };
/* End PBXBuildFile section */

/* Begin PBXFileReference section */
		0416063A1DAF368C00B11674 /* poem.app */ = {isa = PBXFileReference; explicitFileType = wrapper.application; includeInIndex = 0; path = poem.app; sourceTree = BUILT_PRODUCTS_DIR; };
		0416063D1DAF368C00B11674 /* AppDelegate.swift */ = {isa = PBXFileReference; lastKnownFileType = sourcecode.swift; path = AppDelegate.swift; sourceTree = "<group>"; };
		0416063F1DAF368C00B11674 /* ViewController.swift */ = {isa = PBXFileReference; lastKnownFileType = sourcecode.swift; path = ViewController.swift; sourceTree = "<group>"; };
		041606421DAF368C00B11674 /* Base */ = {isa = PBXFileReference; lastKnownFileType = file.storyboard; name = Base; path = Base.lproj/Main.storyboard; sourceTree = "<group>"; };
		041606441DAF368C00B11674 /* Assets.xcassets */ = {isa = PBXFileReference; lastKnownFileType = folder.assetcatalog; path = Assets.xcassets; sourceTree = "<group>"; };
		041606471DAF368C00B11674 /* Base */ = {isa = PBXFileReference; lastKnownFileType = file.storyboard; name = Base; path = Base.lproj/LaunchScreen.storyboard; sourceTree = "<group>"; };
		041606491DAF368C00B11674 /* Info.plist */ = {isa = PBXFileReference; lastKnownFileType = text.plist.xml; path = Info.plist; sourceTree = "<group>"; };
/* End PBXFileReference section */

/* Begin PBXFrameworksBuildPhase section */
		041606371DAF368B00B11674 /* Frameworks */ = {
			isa = PBXFrameworksBuildPhase;
			buildActionMask = 2147483647;
			files = (
			);
			runOnlyForDeploymentPostprocessing = 0;
		};
/* End PBXFrameworksBuildPhase section */

/* Begin PBXGroup section */
		041606311DAF368B00B11674 = {
			isa = PBXGroup;
			children = (
				0416063C1DAF368C00B11674 /* poem */,
				0416063B1DAF368C00B11674 /* Products */,
			);
			sourceTree = "<group>";
		};
		0416063B1DAF368C00B11674 /* Products */ = {
			isa = PBXGroup;
			children = (
				0416063A1DAF368C00B11674 /* poem.app */,
			);
			name = Products;
			sourceTree = "<group>";
		};
		0416063C1DAF368C00B11674 /* poem */ = {
			isa = PBXGroup;
			children = (
				0416063D1DAF368C00B11674 /* AppDelegate.swift */,
				0416063F1DAF368C00B11674 /* ViewController.swift */,
				041606411DAF368C00B11674 /* Main.storyboard */,
				041606441DAF368C00B11674 /* Assets.xcassets */,
				041606461DAF368C00B11674 /* LaunchScreen.storyboard */,
				041606491DAF368C00B11674 /* Info.plist */,
			);
			path = poem;
			sourceTree = "<group>";
		};
/* End PBXGroup section */

/* Begin PBXNativeTarget section */
		041606391DAF368B00B11674 /* poem */ = {
			isa = PBXNativeTarget;
			buildConfigurationList = 0416064C1DAF368C00B11674 /* Build configuration list for PBXNativeTarget "poem" */;
			buildPhases = (
				041606361DAF368B00B11674 /* Sources */,
				041606371DAF368B00B11674 /* Frameworks */,
				041606381DAF368B00B11674 /* Resources */,
			);
			buildRules = (
			);
			dependencies = (
			);
			name = poem;
			productName = poem;
			productReference = 0416063A1DAF368C00B11674 /* poem.app */;
			productType = "com.apple.product-type.application";
		};
/* End PBXNativeTarget section */

/* Begin PBXProject section */
		041606321DAF368B00B11674 /* Project object */ = {
			isa = PBXProject;
			attributes = {
				LastSwiftUpdateCheck = 0800;
				LastUpgradeCheck = 0800;
				ORGANIZATIONNAME = yaya;
				TargetAttributes = {
					041606391DAF368B00B11674 = {
						CreatedOnToolsVersion = 8.0;
						DevelopmentTeam = RBNR98LSKP;
						ProvisioningStyle = Automatic;
					};
				};
			};
			buildConfigurationList = 041606351DAF368B00B11674 /* Build configuration list for PBXProject "poem" */;
			compatibilityVersion = "Xcode 3.2";
			developmentRegion = English;
			hasScannedForEncodings = 0;
			knownRegions = (
				en,
				Base,
			);
			mainGroup = 041606311DAF368B00B11674;
			productRefGroup = 0416063B1DAF368C00B11674 /* Products */;
			projectDirPath = "";
			projectRoot = "";
			targets = (
				041606391DAF368B00B11674 /* poem */,
			);
		};
/* End PBXProject section */

/* Begin PBXResourcesBuildPhase section */
		041606381DAF368B00B11674 /* Resources */ = {
			isa = PBXResourcesBuildPhase;
			buildActionMask = 2147483647;
			files = (
				041606481DAF368C00B11674 /* LaunchScreen.storyboard in Resources */,
				041606451DAF368C00B11674 /* Assets.xcassets in Resources */,
				041606431DAF368C00B11674 /* Main.storyboard in Resources */,
			);
			runOnlyForDeploymentPostprocessing = 0;
		};
/* End PBXResourcesBuildPhase section */

/* Begin PBXSourcesBuildPhase section */
		041606361DAF368B00B11674 /* Sources */ = {
			isa = PBXSourcesBuildPhase;
			buildActionMask = 2147483647;
			files = (
				041606401DAF368C00B11674 /* ViewController.swift in Sources */,
				0416063E1DAF368C00B11674 /* AppDelegate.swift in Sources */,
			);
			runOnlyForDeploymentPostprocessing = 0;
		};
/* End PBXSourcesBuildPhase section */

/* Begin PBXVariantGroup section */
		041606411DAF368C00B11674 /* Main.storyboard */ = {
			isa = PBXVariantGroup;
			children = (
				041606421DAF368C00B11674 /* Base */,
			);
			name = Main.storyboard;
			sourceTree = "<group>";
		};
		041606461DAF368C00B11674 /* LaunchScreen.storyboard */ = {
			isa = PBXVariantGroup;
			children = (
				041606471DAF368C00B11674 /* Base */,
			);
			name = LaunchScreen.storyboard;
			sourceTree = "<group>";
		};
/* End PBXVariantGroup section */

/* Begin XCBuildConfiguration section */
		0416064A1DAF368C00B11674 /* Debug */ = {
			isa = XCBuildConfiguration;
			buildSettings = {
				ALWAYS_SEARCH_USER_PATHS = NO;
				CLANG_ANALYZER_NONNULL = YES;
				CLANG_CXX_LANGUAGE_STANDARD = "gnu++0x";
				CLANG_CXX_LIBRARY = "libc++";
				CLANG_ENABLE_MODULES = YES;
				CLANG_ENABLE_OBJC_ARC = YES;
				CLANG_WARN_BOOL_CONVERSION = YES;
				CLANG_WARN_CONSTANT_CONVERSION = YES;
				CLANG_WARN_DIRECT_OBJC_ISA_USAGE = YES_ERROR;
				CLANG_WARN_DOCUMENTATION_COMMENTS = YES;
				CLANG_WARN_EMPTY_BODY = YES;
				CLANG_WARN_ENUM_CONVERSION = YES;
				CLANG_WARN_INFINITE_RECURSION = YES;
				CLANG_WARN_INT_CONVERSION = YES;
				CLANG_WARN_OBJC_ROOT_CLASS = YES_ERROR;
				CLANG_WARN_SUSPICIOUS_MOVES = YES;
				CLANG_WARN_UNREACHABLE_CODE = YES;
				CLANG_WARN__DUPLICATE_METHOD_MATCH = YES;
				"CODE_SIGN_IDENTITY[sdk=iphoneos*]" = "iPhone Developer";
				COPY_PHASE_STRIP = NO;
				DEBUG_INFORMATION_FORMAT = dwarf;
				ENABLE_STRICT_OBJC_MSGSEND = YES;
				ENABLE_TESTABILITY = YES;
				GCC_C_LANGUAGE_STANDARD = gnu99;
				GCC_DYNAMIC_NO_PIC = NO;
				GCC_NO_COMMON_BLOCKS = YES;
				GCC_OPTIMIZATION_LEVEL = 0;
				GCC_PREPROCESSOR_DEFINITIONS = (
					"DEBUG=1",
					"$(inherited)",
				);
				GCC_WARN_64_TO_32_BIT_CONVERSION = YES;
				GCC_WARN_ABOUT_RETURN_TYPE = YES_ERROR;
				GCC_WARN_UNDECLARED_SELECTOR = YES;
				GCC_WARN_UNINITIALIZED_AUTOS = YES_AGGRESSIVE;
				GCC_WARN_UNUSED_FUNCTION = YES;
				GCC_WARN_UNUSED_VARIABLE = YES;
				IPHONEOS_DEPLOYMENT_TARGET = 10.0;
				MTL_ENABLE_DEBUG_INFO = YES;
				ONLY_ACTIVE_ARCH = YES;
				SDKROOT = iphoneos;
				SWIFT_ACTIVE_COMPILATION_CONDITIONS = DEBUG;
				SWIFT_OPTIMIZATION_LEVEL = "-Onone";
			};
			name = Debug;
		};
		0416064B1DAF368C00B11674 /* Release */ = {
			isa = XCBuildConfiguration;
			buildSettings = {
				ALWAYS_SEARCH_USER_PATHS = NO;
				CLANG_ANALYZER_NONNULL = YES;
				CLANG_CXX_LANGUAGE_STANDARD = "gnu++0x";
				CLANG_CXX_LIBRARY = "libc++";
				CLANG_ENABLE_MODULES = YES;
				CLANG_ENABLE_OBJC_ARC = YES;
				CLANG_WARN_BOOL_CONVERSION = YES;
				CLANG_WARN_CONSTANT_CONVERSION = YES;
				CLANG_WARN_DIRECT_OBJC_ISA_USAGE = YES_ERROR;
				CLANG_WARN_DOCUMENTATION_COMMENTS = YES;
				CLANG_WARN_EMPTY_BODY = YES;
				CLANG_WARN_ENUM_CONVERSION = YES;
				CLANG_WARN_INFINITE_RECURSION = YES;
				CLANG_WARN_INT_CONVERSION = YES;
				CLANG_WARN_OBJC_ROOT_CLASS = YES_ERROR;
				CLANG_WARN_SUSPICIOUS_MOVES = YES;
				CLANG_WARN_UNREACHABLE_CODE = YES;
				CLANG_WARN__DUPLICATE_METHOD_MATCH = YES;
				"CODE_SIGN_IDENTITY[sdk=iphoneos*]" = "iPhone Developer";
				COPY_PHASE_STRIP = NO;
				DEBUG_INFORMATION_FORMAT = "dwarf-with-dsym";
				ENABLE_NS_ASSERTIONS = NO;
				ENABLE_STRICT_OBJC_MSGSEND = YES;
				GCC_C_LANGUAGE_STANDARD = gnu99;
				GCC_NO_COMMON_BLOCKS = YES;
				GCC_WARN_64_TO_32_BIT_CONVERSION = YES;
				GCC_WARN_ABOUT_RETURN_TYPE = YES_ERROR;
				GCC_WARN_UNDECLARED_SELECTOR = YES;
				GCC_WARN_UNINITIALIZED_AUTOS = YES_AGGRESSIVE;
				GCC_WARN_UNUSED_FUNCTION = YES;
				GCC_WARN_UNUSED_VARIABLE = YES;
				IPHONEOS_DEPLOYMENT_TARGET = 10.0;
				MTL_ENABLE_DEBUG_INFO = NO;
				SDKROOT = iphoneos;
				SWIFT_OPTIMIZATION_LEVEL = "-Owholemodule";
				VALIDATE_PRODUCT = YES;
			};
			name = Release;
		};
		0416064D1DAF368C00B11674 /* Debug */ = {
			isa = XCBuildConfiguration;
			buildSettings = {
				ASSETCATALOG_COMPILER_APPICON_NAME = AppIcon;
				DEVELOPMENT_TEAM = RBNR98LSKP;
				INFOPLIST_FILE = poem/Info.plist;
				LD_RUNPATH_SEARCH_PATHS = "$(inherited) @executable_path/Frameworks";
				PRODUCT_BUNDLE_IDENTIFIER = com.yaya.poem;
				PRODUCT_NAME = "$(TARGET_NAME)";
				SWIFT_VERSION = 3.0;
			};
			name = Debug;
		};
		0416064E1DAF368C00B11674 /* Release */ = {
			isa = XCBuildConfiguration;
			buildSettings = {
				ASSETCATALOG_COMPILER_APPICON_NAME = AppIcon;
				DEVELOPMENT_TEAM = RBNR98LSKP;
				INFOPLIST_FILE = poem/Info.plist;
				LD_RUNPATH_SEARCH_PATHS = "$(inherited) @executable_path/Frameworks";
				PRODUCT_BUNDLE_IDENTIFIER = com.yaya.poem;
				PRODUCT_NAME = "$(TARGET_NAME)";
				SWIFT_VERSION = 3.0;
			};
			name = Release;
		};
/* End XCBuildConfiguration section */

/* Begin XCConfigurationList section */
		041606351DAF368B00B11674 /* Build configuration list for PBXProject "poem" */ = {
			isa = XCConfigurationList;
			buildConfigurations = (
				0416064A1DAF368C00B11674 /* Debug */,
				0416064B1DAF368C00B11674 /* Release */,
			);
			defaultConfigurationIsVisible = 0;
			defaultConfigurationName = Release;
		};
		0416064C1DAF368C00B11674 /* Build configuration list for PBXNativeTarget "poem" */ = {
			isa = XCConfigurationList;
			buildConfigurations = (
				0416064D1DAF368C00B11674 /* Debug */,
				0416064E1DAF368C00B11674 /* Release */,
			);
			defaultConfigurationIsVisible = 0;
		};
/* End XCConfigurationList section */
	};
	rootObject = 041606321DAF368B00B11674 /* Project object */;
}
